version = 1
revision = 2
requires-python = ">=3.11"

[[package]]
name = "ai-agents-eval-techniques"
version = "0.1.0"
source = { virtual = "." }
dependencies = [
    { name = "textstat" },
]

[package.metadata]
requires-dist = [{ name = "textstat", specifier = ">=0.7.8" }]

[[package]]
name = "cmudict"
version = "1.1.1"
source = { registry = "https://pypi.org/simple" }
dependencies = [
    { name = "importlib-metadata" },
    { name = "importlib-resources" },
]
sdist = { url = "https://files.pythonhosted.org/packages/98/cf/6f1fe88339c28e38acfa8f478b640778f7e5cc8bb1bd2cbf32cfcd2c515e/cmudict-1.1.1.tar.gz", hash = "sha256:23c3914c85465f6a7d26d2d8974fa341dd7bc924d1ffa501b41406b936923db1", size = 935697, upload-time = "2025-07-24T10:51:09.6Z" }
wheels = [
    { url = "https://files.pythonhosted.org/packages/27/5d/b14b1d8319c977771e8e94eb7f34404dd116f1d7d78dd9e0f2da87ac4609/cmudict-1.1.1-py3-none-any.whl", hash = "sha256:4b4737c0fa52375b1601d7b63824f155879a824064b6ecac07d347eae60fc046", size = 939663, upload-time = "2025-07-24T10:51:08.117Z" },
]

[[package]]
name = "importlib-metadata"
version = "8.7.0"
source = { registry = "https://pypi.org/simple" }
dependencies = [
    { name = "zipp" },
]
sdist = { url = "https://files.pythonhosted.org/packages/76/66/650a33bd90f786193e4de4b3ad86ea60b53c89b669a5c7be931fac31cdb0/importlib_metadata-8.7.0.tar.gz", hash = "sha256:d13b81ad223b890aa16c5471f2ac3056cf76c5f10f82d6f9292f0b415f389000", size = 56641, upload-time = "2025-04-27T15:29:01.736Z" }
wheels = [
    { url = "https://files.pythonhosted.org/packages/20/b0/36bd937216ec521246249be3bf9855081de4c5e06a0c9b4219dbeda50373/importlib_metadata-8.7.0-py3-none-any.whl", hash = "sha256:e5dd1551894c77868a30651cef00984d50e1002d06942a7101d34870c5f02afd", size = 27656, upload-time = "2025-04-27T15:29:00.214Z" },
]

[[package]]
name = "importlib-resources"
version = "6.5.2"
source = { registry = "https://pypi.org/simple" }
sdist = { url = "https://files.pythonhosted.org/packages/cf/8c/f834fbf984f691b4f7ff60f50b514cc3de5cc08abfc3295564dd89c5e2e7/importlib_resources-6.5.2.tar.gz", hash = "sha256:185f87adef5bcc288449d98fb4fba07cea78bc036455dd44c5fc4a2fe78fed2c", size = 44693, upload-time = "2025-01-03T18:51:56.698Z" }
wheels = [
    { url = "https://files.pythonhosted.org/packages/a4/ed/1f1afb2e9e7f38a545d628f864d562a5ae64fe6f7a10e28ffb9b185b4e89/importlib_resources-6.5.2-py3-none-any.whl", hash = "sha256:789cfdc3ed28c78b67a06acb8126751ced69a3d5f79c095a98298cd8a760ccec", size = 37461, upload-time = "2025-01-03T18:51:54.306Z" },
]

[[package]]
name = "pyphen"
version = "0.17.2"
source = { registry = "https://pypi.org/simple" }
sdist = { url = "https://files.pythonhosted.org/packages/69/56/e4d7e1bd70d997713649c5ce530b2d15a5fc2245a74ca820fc2d51d89d4d/pyphen-0.17.2.tar.gz", hash = "sha256:f60647a9c9b30ec6c59910097af82bc5dd2d36576b918e44148d8b07ef3b4aa3", size = 2079470, upload-time = "2025-01-20T13:18:36.296Z" }
wheels = [
    { url = "https://files.pythonhosted.org/packages/7b/1f/c2142d2edf833a90728e5cdeb10bdbdc094dde8dbac078cee0cf33f5e11b/pyphen-0.17.2-py3-none-any.whl", hash = "sha256:3a07fb017cb2341e1d9ff31b8634efb1ae4dc4b130468c7c39dd3d32e7c3affd", size = 2079358, upload-time = "2025-01-20T13:18:29.629Z" },
]

[[package]]
name = "setuptools"
version = "80.9.0"
source = { registry = "https://pypi.org/simple" }
sdist = { url = "https://files.pythonhosted.org/packages/18/5d/3bf57dcd21979b887f014ea83c24ae194cfcd12b9e0fda66b957c69d1fca/setuptools-80.9.0.tar.gz", hash = "sha256:f36b47402ecde768dbfafc46e8e4207b4360c654f1f3bb84475f0a28628fb19c", size = 1319958, upload-time = "2025-05-27T00:56:51.443Z" }
wheels = [
    { url = "https://files.pythonhosted.org/packages/a3/dc/17031897dae0efacfea57dfd3a82fdd2a2aeb58e0ff71b77b87e44edc772/setuptools-80.9.0-py3-none-any.whl", hash = "sha256:062d34222ad13e0cc312a4c02d73f059e86a4acbfbdea8f8f76b28c99f306922", size = 1201486, upload-time = "2025-05-27T00:56:49.664Z" },
]

[[package]]
name = "textstat"
version = "0.7.8"
source = { registry = "https://pypi.org/simple" }
dependencies = [
    { name = "cmudict" },
    { name = "pyphen" },
    { name = "setuptools" },
]
sdist = { url = "https://files.pythonhosted.org/packages/f1/24/a7ff3572af79a905197a6022e11ded12d3231fbf50f07dd026eee5916e8d/textstat-0.7.8.tar.gz", hash = "sha256:1839f489fe6a59f73ab3948a1f3c38f7f12d1919b71b9f819c0bbd68a7c60758", size = 164785, upload-time = "2025-07-22T08:45:55.163Z" }
wheels = [
    { url = "https://files.pythonhosted.org/packages/e2/db/e1c8e5afd18f712ba5426ec4c6068afd4ad88dc50ec765c4f6939d828341/textstat-0.7.8-py3-none-any.whl", hash = "sha256:26960cbe653e58761ff68d2e030cfb18e48f06d1c952cb39d169d898f6b3db2c", size = 239112, upload-time = "2025-07-22T08:45:53.927Z" },
]

[[package]]
name = "zipp"
version = "3.23.0"
source = { registry = "https://pypi.org/simple" }
sdist = { url = "https://files.pythonhosted.org/packages/e3/02/0f2892c661036d50ede074e376733dca2ae7c6eb617489437771209d4180/zipp-3.23.0.tar.gz", hash = "sha256:a07157588a12518c9d4034df3fbbee09c814741a33ff63c05fa29d26a2404166", size = 25547, upload-time = "2025-06-08T17:06:39.4Z" }
wheels = [
    { url = "https://files.pythonhosted.org/packages/2e/54/647ade08bf0db230bfea292f893923872fd20be6ac6f53b2b936ba839d75/zipp-3.23.0-py3-none-any.whl", hash = "sha256:071652d6115ed432f5ce1d34c336c0adfd6a884660d1e9712a256d3d3bd4b14e", size = 10276, upload-time = "2025-06-08T17:06:38.034Z" },
]
